// !$*UTF8*$!
{
	archiveVersion = 1;
	classes = {
	};
	objectVersion = 50;
	objects = {

/* Begin PBXBuildFile section */
		F85EF98D23B55C2000C41BC5 /* GameViewController.swift in Sources */ = {isa = PBXBuildFile; fileRef = F85EF98C23B55C2000C41BC5 /* GameViewController.swift */; };
		F8CB47A523B61C810039AD50 /* ResultViewController.swift in Sources */ = {isa = PBXBuildFile; fileRef = F8CB47A423B61C800039AD50 /* ResultViewController.swift */; };
		F8F1A4B423B5341200E28F91 /* AppDelegate.swift in Sources */ = {isa = PBXBuildFile; fileRef = F8F1A4B323B5341200E28F91 /* AppDelegate.swift */; };
		F8F1A4B623B5341200E28F91 /* SceneDelegate.swift in Sources */ = {isa = PBXBuildFile; fileRef = F8F1A4B523B5341200E28F91 /* SceneDelegate.swift */; };
		F8F1A4BB23B5341200E28F91 /* Main.storyboard in Resources */ = {isa = PBXBuildFile; fileRef = F8F1A4B923B5341200E28F91 /* Main.storyboard */; };
		F8F1A4BE23B5341200E28F91 /* RoundnetScore.xcdatamodeld in Sources */ = {isa = PBXBuildFile; fileRef = F8F1A4BC23B5341200E28F91 /* RoundnetScore.xcdatamodeld */; };
		F8F1A4C023B5341400E28F91 /* Assets.xcassets in Resources */ = {isa = PBXBuildFile; fileRef = F8F1A4BF23B5341400E28F91 /* Assets.xcassets */; };
		F8F1A4C323B5341400E28F91 /* LaunchScreen.storyboard in Resources */ = {isa = PBXBuildFile; fileRef = F8F1A4C123B5341400E28F91 /* LaunchScreen.storyboard */; };
		F8F1A4CE23B5341500E28F91 /* RoundnetScoreTests.swift in Sources */ = {isa = PBXBuildFile; fileRef = F8F1A4CD23B5341500E28F91 /* RoundnetScoreTests.swift */; };
/* End PBXBuildFile section */

/* Begin PBXContainerItemProxy section */
		F8F1A4CA23B5341500E28F91 /* PBXContainerItemProxy */ = {
			isa = PBXContainerItemProxy;
			containerPortal = F8F1A4A823B5341200E28F91 /* Project object */;
			proxyType = 1;
			remoteGlobalIDString = F8F1A4AF23B5341200E28F91;
			remoteInfo = RoundnetScore;
		};
/* End PBXContainerItemProxy section */

/* Begin PBXFileReference section */
		F85EF98C23B55C2000C41BC5 /* GameViewController.swift */ = {isa = PBXFileReference; lastKnownFileType = sourcecode.swift; path = GameViewController.swift; sourceTree = "<group>"; };
		F8CB47A423B61C800039AD50 /* ResultViewController.swift */ = {isa = PBXFileReference; lastKnownFileType = sourcecode.swift; path = ResultViewController.swift; sourceTree = "<group>"; };
		F8F1A4B023B5341200E28F91 /* RoundnetScore.app */ = {isa = PBXFileReference; explicitFileType = wrapper.application; includeInIndex = 0; path = RoundnetScore.app; sourceTree = BUILT_PRODUCTS_DIR; };
		F8F1A4B323B5341200E28F91 /* AppDelegate.swift */ = {isa = PBXFileReference; lastKnownFileType = sourcecode.swift; path = AppDelegate.swift; sourceTree = "<group>"; };
		F8F1A4B523B5341200E28F91 /* SceneDelegate.swift */ = {isa = PBXFileReference; lastKnownFileType = sourcecode.swift; path = SceneDelegate.swift; sourceTree = "<group>"; };
		F8F1A4BA23B5341200E28F91 /* Base */ = {isa = PBXFileReference; lastKnownFileType = file.storyboard; name = Base; path = Base.lproj/Main.storyboard; sourceTree = "<group>"; };
		F8F1A4BD23B5341200E28F91 /* RoundnetScore.xcdatamodel */ = {isa = PBXFileReference; lastKnownFileType = wrapper.xcdatamodel; path = RoundnetScore.xcdatamodel; sourceTree = "<group>"; };
		F8F1A4BF23B5341400E28F91 /* Assets.xcassets */ = {isa = PBXFileReference; lastKnownFileType = folder.assetcatalog; path = Assets.xcassets; sourceTree = "<group>"; };
		F8F1A4C223B5341400E28F91 /* Base */ = {isa = PBXFileReference; lastKnownFileType = file.storyboard; name = Base; path = Base.lproj/LaunchScreen.storyboard; sourceTree = "<group>"; };
		F8F1A4C423B5341400E28F91 /* Info.plist */ = {isa = PBXFileReference; lastKnownFileType = text.plist.xml; path = Info.plist; sourceTree = "<group>"; };
		F8F1A4C923B5341500E28F91 /* RoundnetScoreTests.xctest */ = {isa = PBXFileReference; explicitFileType = wrapper.cfbundle; includeInIndex = 0; path = RoundnetScoreTests.xctest; sourceTree = BUILT_PRODUCTS_DIR; };
		F8F1A4CD23B5341500E28F91 /* RoundnetScoreTests.swift */ = {isa = PBXFileReference; lastKnownFileType = sourcecode.swift; path = RoundnetScoreTests.swift; sourceTree = "<group>"; };
		F8F1A4CF23B5341500E28F91 /* Info.plist */ = {isa = PBXFileReference; lastKnownFileType = text.plist.xml; path = Info.plist; sourceTree = "<group>"; };
/* End PBXFileReference section */

/* Begin PBXFrameworksBuildPhase section */
		F8F1A4AD23B5341200E28F91 /* Frameworks */ = {
			isa = PBXFrameworksBuildPhase;
			buildActionMask = 2147483647;
			files = (
			);
			runOnlyForDeploymentPostprocessing = 0;
		};
		F8F1A4C623B5341500E28F91 /* Frameworks */ = {
			isa = PBXFrameworksBuildPhase;
			buildActionMask = 2147483647;
			files = (
			);
			runOnlyForDeploymentPostprocessing = 0;
		};
/* End PBXFrameworksBuildPhase section */

/* Begin PBXGroup section */
		F8F1A4A723B5341100E28F91 = {
			isa = PBXGroup;
			children = (
				F8F1A4B223B5341200E28F91 /* RoundnetScore */,
				F8F1A4CC23B5341500E28F91 /* RoundnetScoreTests */,
				F8F1A4B123B5341200E28F91 /* Products */,
			);
			sourceTree = "<group>";
		};
		F8F1A4B123B5341200E28F91 /* Products */ = {
			isa = PBXGroup;
			children = (
				F8F1A4B023B5341200E28F91 /* RoundnetScore.app */,
				F8F1A4C923B5341500E28F91 /* RoundnetScoreTests.xctest */,
			);
			name = Products;
			sourceTree = "<group>";
		};
		F8F1A4B223B5341200E28F91 /* RoundnetScore */ = {
			isa = PBXGroup;
			children = (
				F8F1A4B323B5341200E28F91 /* AppDelegate.swift */,
				F8F1A4B523B5341200E28F91 /* SceneDelegate.swift */,
				F8F1A4B923B5341200E28F91 /* Main.storyboard */,
				F8F1A4BF23B5341400E28F91 /* Assets.xcassets */,
				F8F1A4C123B5341400E28F91 /* LaunchScreen.storyboard */,
				F8F1A4C423B5341400E28F91 /* Info.plist */,
				F8F1A4BC23B5341200E28F91 /* RoundnetScore.xcdatamodeld */,
				F85EF98C23B55C2000C41BC5 /* GameViewController.swift */,
				F8CB47A423B61C800039AD50 /* ResultViewController.swift */,
			);
			path = RoundnetScore;
			sourceTree = "<group>";
		};
		F8F1A4CC23B5341500E28F91 /* RoundnetScoreTests */ = {
			isa = PBXGroup;
			children = (
				F8F1A4CD23B5341500E28F91 /* RoundnetScoreTests.swift */,
				F8F1A4CF23B5341500E28F91 /* Info.plist */,
			);
			path = RoundnetScoreTests;
			sourceTree = "<group>";
		};
/* End PBXGroup section */

/* Begin PBXNativeTarget section */
		F8F1A4AF23B5341200E28F91 /* RoundnetScore */ = {
			isa = PBXNativeTarget;
			buildConfigurationList = F8F1A4D223B5341500E28F91 /* Build configuration list for PBXNativeTarget "RoundnetScore" */;
			buildPhases = (
				F8F1A4AC23B5341200E28F91 /* Sources */,
				F8F1A4AD23B5341200E28F91 /* Frameworks */,
				F8F1A4AE23B5341200E28F91 /* Resources */,
			);
			buildRules = (
			);
			dependencies = (
			);
			name = RoundnetScore;
			productName = RoundnetScore;
			productReference = F8F1A4B023B5341200E28F91 /* RoundnetScore.app */;
			productType = "com.apple.product-type.application";
		};
		F8F1A4C823B5341500E28F91 /* RoundnetScoreTests */ = {
			isa = PBXNativeTarget;
			buildConfigurationList = F8F1A4D523B5341500E28F91 /* Build configuration list for PBXNativeTarget "RoundnetScoreTests" */;
			buildPhases = (
				F8F1A4C523B5341500E28F91 /* Sources */,
				F8F1A4C623B5341500E28F91 /* Frameworks */,
				F8F1A4C723B5341500E28F91 /* Resources */,
			);
			buildRules = (
			);
			dependencies = (
				F8F1A4CB23B5341500E28F91 /* PBXTargetDependency */,
			);
			name = RoundnetScoreTests;
			productName = RoundnetScoreTests;
			productReference = F8F1A4C923B5341500E28F91 /* RoundnetScoreTests.xctest */;
			productType = "com.apple.product-type.bundle.unit-test";
		};
/* End PBXNativeTarget section */

/* Begin PBXProject section */
		F8F1A4A823B5341200E28F91 /* Project object */ = {
			isa = PBXProject;
			attributes = {
				LastSwiftUpdateCheck = 1120;
				LastUpgradeCheck = 1120;
				ORGANIZATIONNAME = com.jakubperich;
				TargetAttributes = {
					F8F1A4AF23B5341200E28F91 = {
						CreatedOnToolsVersion = 11.2.1;
					};
					F8F1A4C823B5341500E28F91 = {
						CreatedOnToolsVersion = 11.2.1;
						TestTargetID = F8F1A4AF23B5341200E28F91;
					};
				};
			};
			buildConfigurationList = F8F1A4AB23B5341200E28F91 /* Build configuration list for PBXProject "RoundnetScore" */;
			compatibilityVersion = "Xcode 9.3";
			developmentRegion = en;
			hasScannedForEncodings = 0;
			knownRegions = (
				en,
				Base,
			);
			mainGroup = F8F1A4A723B5341100E28F91;
			productRefGroup = F8F1A4B123B5341200E28F91 /* Products */;
			projectDirPath = "";
			projectRoot = "";
			targets = (
				F8F1A4AF23B5341200E28F91 /* RoundnetScore */,
				F8F1A4C823B5341500E28F91 /* RoundnetScoreTests */,
			);
		};
/* End PBXProject section */

/* Begin PBXResourcesBuildPhase section */
		F8F1A4AE23B5341200E28F91 /* Resources */ = {
			isa = PBXResourcesBuildPhase;
			buildActionMask = 2147483647;
			files = (
				F8F1A4C323B5341400E28F91 /* LaunchScreen.storyboard in Resources */,
				F8F1A4C023B5341400E28F91 /* Assets.xcassets in Resources */,
				F8F1A4BB23B5341200E28F91 /* Main.storyboard in Resources */,
			);
			runOnlyForDeploymentPostprocessing = 0;
		};
		F8F1A4C723B5341500E28F91 /* Resources */ = {
			isa = PBXResourcesBuildPhase;
			buildActionMask = 2147483647;
			files = (
			);
			runOnlyForDeploymentPostprocessing = 0;
		};
/* End PBXResourcesBuildPhase section */

/* Begin PBXSourcesBuildPhase section */
		F8F1A4AC23B5341200E28F91 /* Sources */ = {
			isa = PBXSourcesBuildPhase;
			buildActionMask = 2147483647;
			files = (
				F85EF98D23B55C2000C41BC5 /* GameViewController.swift in Sources */,
				F8F1A4BE23B5341200E28F91 /* RoundnetScore.xcdatamodeld in Sources */,
				F8F1A4B423B5341200E28F91 /* AppDelegate.swift in Sources */,
				F8F1A4B623B5341200E28F91 /* SceneDelegate.swift in Sources */,
				F8CB47A523B61C810039AD50 /* ResultViewController.swift in Sources */,
			);
			runOnlyForDeploymentPostprocessing = 0;
		};
		F8F1A4C523B5341500E28F91 /* Sources */ = {
			isa = PBXSourcesBuildPhase;
			buildActionMask = 2147483647;
			files = (
				F8F1A4CE23B5341500E28F91 /* RoundnetScoreTests.swift in Sources */,
			);
			runOnlyForDeploymentPostprocessing = 0;
		};
/* End PBXSourcesBuildPhase section */

/* Begin PBXTargetDependency section */
		F8F1A4CB23B5341500E28F91 /* PBXTargetDependency */ = {
			isa = PBXTargetDependency;
			target = F8F1A4AF23B5341200E28F91 /* RoundnetScore */;
			targetProxy = F8F1A4CA23B5341500E28F91 /* PBXContainerItemProxy */;
		};
/* End PBXTargetDependency section */

/* Begin PBXVariantGroup section */
		F8F1A4B923B5341200E28F91 /* Main.storyboard */ = {
			isa = PBXVariantGroup;
			children = (
				F8F1A4BA23B5341200E28F91 /* Base */,
			);
			name = Main.storyboard;
			sourceTree = "<group>";
		};
		F8F1A4C123B5341400E28F91 /* LaunchScreen.storyboard */ = {
			isa = PBXVariantGroup;
			children = (
				F8F1A4C223B5341400E28F91 /* Base */,
			);
			name = LaunchScreen.storyboard;
			sourceTree = "<group>";
		};
/* End PBXVariantGroup section */

/* Begin XCBuildConfiguration section */
		F8F1A4D023B5341500E28F91 /* Debug */ = {
			isa = XCBuildConfiguration;
			buildSettings = {
				ALWAYS_SEARCH_USER_PATHS = NO;
				CLANG_ANALYZER_NONNULL = YES;
				CLANG_ANALYZER_NUMBER_OBJECT_CONVERSION = YES_AGGRESSIVE;
				CLANG_CXX_LANGUAGE_STANDARD = "gnu++14";
				CLANG_CXX_LIBRARY = "libc++";
				CLANG_ENABLE_MODULES = YES;
				CLANG_ENABLE_OBJC_ARC = YES;
				CLANG_ENABLE_OBJC_WEAK = YES;
				CLANG_WARN_BLOCK_CAPTURE_AUTORELEASING = YES;
				CLANG_WARN_BOOL_CONVERSION = YES;
				CLANG_WARN_COMMA = YES;
				CLANG_WARN_CONSTANT_CONVERSION = YES;
				CLANG_WARN_DEPRECATED_OBJC_IMPLEMENTATIONS = YES;
				CLANG_WARN_DIRECT_OBJC_ISA_USAGE = YES_ERROR;
				CLANG_WARN_DOCUMENTATION_COMMENTS = YES;
				CLANG_WARN_EMPTY_BODY = YES;
				CLANG_WARN_ENUM_CONVERSION = YES;
				CLANG_WARN_INFINITE_RECURSION = YES;
				CLANG_WARN_INT_CONVERSION = YES;
				CLANG_WARN_NON_LITERAL_NULL_CONVERSION = YES;
				CLANG_WARN_OBJC_IMPLICIT_RETAIN_SELF = YES;
				CLANG_WARN_OBJC_LITERAL_CONVERSION = YES;
				CLANG_WARN_OBJC_ROOT_CLASS = YES_ERROR;
				CLANG_WARN_RANGE_LOOP_ANALYSIS = YES;
				CLANG_WARN_STRICT_PROTOTYPES = YES;
				CLANG_WARN_SUSPICIOUS_MOVE = YES;
				CLANG_WARN_UNGUARDED_AVAILABILITY = YES_AGGRESSIVE;
				CLANG_WARN_UNREACHABLE_CODE = YES;
				CLANG_WARN__DUPLICATE_METHOD_MATCH = YES;
				COPY_PHASE_STRIP = NO;
				DEBUG_INFORMATION_FORMAT = dwarf;
				ENABLE_STRICT_OBJC_MSGSEND = YES;
				ENABLE_TESTABILITY = YES;
				GCC_C_LANGUAGE_STANDARD = gnu11;
				GCC_DYNAMIC_NO_PIC = NO;
				GCC_NO_COMMON_BLOCKS = YES;
				GCC_OPTIMIZATION_LEVEL = 0;
				GCC_PREPROCESSOR_DEFINITIONS = (
					"DEBUG=1",
					"$(inherited)",
				);
				GCC_WARN_64_TO_32_BIT_CONVERSION = YES;
				GCC_WARN_ABOUT_RETURN_TYPE = YES_ERROR;
				GCC_WARN_UNDECLARED_SELECTOR = YES;
				GCC_WARN_UNINITIALIZED_AUTOS = YES_AGGRESSIVE;
				GCC_WARN_UNUSED_FUNCTION = YES;
				GCC_WARN_UNUSED_VARIABLE = YES;
				IPHONEOS_DEPLOYMENT_TARGET = 13.2;
				MTL_ENABLE_DEBUG_INFO = INCLUDE_SOURCE;
				MTL_FAST_MATH = YES;
				ONLY_ACTIVE_ARCH = YES;
				SDKROOT = iphoneos;
				SWIFT_ACTIVE_COMPILATION_CONDITIONS = DEBUG;
				SWIFT_OPTIMIZATION_LEVEL = "-Onone";
			};
			name = Debug;
		};
		F8F1A4D123B5341500E28F91 /* Release */ = {
			isa = XCBuildConfiguration;
			buildSettings = {
				ALWAYS_SEARCH_USER_PATHS = NO;
				CLANG_ANALYZER_NONNULL = YES;
				CLANG_ANALYZER_NUMBER_OBJECT_CONVERSION = YES_AGGRESSIVE;
				CLANG_CXX_LANGUAGE_STANDARD = "gnu++14";
				CLANG_CXX_LIBRARY = "libc++";
				CLANG_ENABLE_MODULES = YES;
				CLANG_ENABLE_OBJC_ARC = YES;
				CLANG_ENABLE_OBJC_WEAK = YES;
				CLANG_WARN_BLOCK_CAPTURE_AUTORELEASING = YES;
				CLANG_WARN_BOOL_CONVERSION = YES;
				CLANG_WARN_COMMA = YES;
				CLANG_WARN_CONSTANT_CONVERSION = YES;
				CLANG_WARN_DEPRECATED_OBJC_IMPLEMENTATIONS = YES;
				CLANG_WARN_DIRECT_OBJC_ISA_USAGE = YES_ERROR;
				CLANG_WARN_DOCUMENTATION_COMMENTS = YES;
				CLANG_WARN_EMPTY_BODY = YES;
				CLANG_WARN_ENUM_CONVERSION = YES;
				CLANG_WARN_INFINITE_RECURSION = YES;
				CLANG_WARN_INT_CONVERSION = YES;
				CLANG_WARN_NON_LITERAL_NULL_CONVERSION = YES;
				CLANG_WARN_OBJC_IMPLICIT_RETAIN_SELF = YES;
				CLANG_WARN_OBJC_LITERAL_CONVERSION = YES;
				CLANG_WARN_OBJC_ROOT_CLASS = YES_ERROR;
				CLANG_WARN_RANGE_LOOP_ANALYSIS = YES;
				CLANG_WARN_STRICT_PROTOTYPES = YES;
				CLANG_WARN_SUSPICIOUS_MOVE = YES;
				CLANG_WARN_UNGUARDED_AVAILABILITY = YES_AGGRESSIVE;
				CLANG_WARN_UNREACHABLE_CODE = YES;
				CLANG_WARN__DUPLICATE_METHOD_MATCH = YES;
				COPY_PHASE_STRIP = NO;
				DEBUG_INFORMATION_FORMAT = "dwarf-with-dsym";
				ENABLE_NS_ASSERTIONS = NO;
				ENABLE_STRICT_OBJC_MSGSEND = YES;
				GCC_C_LANGUAGE_STANDARD = gnu11;
				GCC_NO_COMMON_BLOCKS = YES;
				GCC_WARN_64_TO_32_BIT_CONVERSION = YES;
				GCC_WARN_ABOUT_RETURN_TYPE = YES_ERROR;
				GCC_WARN_UNDECLARED_SELECTOR = YES;
				GCC_WARN_UNINITIALIZED_AUTOS = YES_AGGRESSIVE;
				GCC_WARN_UNUSED_FUNCTION = YES;
				GCC_WARN_UNUSED_VARIABLE = YES;
				IPHONEOS_DEPLOYMENT_TARGET = 13.2;
				MTL_ENABLE_DEBUG_INFO = NO;
				MTL_FAST_MATH = YES;
				SDKROOT = iphoneos;
				SWIFT_COMPILATION_MODE = wholemodule;
				SWIFT_OPTIMIZATION_LEVEL = "-O";
				VALIDATE_PRODUCT = YES;
			};
			name = Release;
		};
		F8F1A4D323B5341500E28F91 /* Debug */ = {
			isa = XCBuildConfiguration;
			buildSettings = {
				ASSETCATALOG_COMPILER_APPICON_NAME = AppIcon;
				CODE_SIGN_STYLE = Automatic;
				DEVELOPMENT_TEAM = 4LZ4RWF527;
				INFOPLIST_FILE = RoundnetScore/Info.plist;
				LD_RUNPATH_SEARCH_PATHS = (
					"$(inherited)",
					"@executable_path/Frameworks",
				);
				PRODUCT_BUNDLE_IDENTIFIER = jakub1984.RoundnetScore;
				PRODUCT_NAME = "$(TARGET_NAME)";
				SWIFT_VERSION = 5.0;
				TARGETED_DEVICE_FAMILY = 1;
			};
			name = Debug;
		};
		F8F1A4D423B5341500E28F91 /* Release */ = {
			isa = XCBuildConfiguration;
			buildSettings = {
				ASSETCATALOG_COMPILER_APPICON_NAME = AppIcon;
				CODE_SIGN_STYLE = Automatic;
				DEVELOPMENT_TEAM = 4LZ4RWF527;
				INFOPLIST_FILE = RoundnetScore/Info.plist;
				LD_RUNPATH_SEARCH_PATHS = (
					"$(inherited)",
					"@executable_path/Frameworks",
				);
				PRODUCT_BUNDLE_IDENTIFIER = jakub1984.RoundnetScore;
				PRODUCT_NAME = "$(TARGET_NAME)";
				SWIFT_VERSION = 5.0;
				TARGETED_DEVICE_FAMILY = 1;
			};
			name = Release;
		};
		F8F1A4D623B5341500E28F91 /* Debug */ = {
			isa = XCBuildConfiguration;
			buildSettings = {
				ALWAYS_EMBED_SWIFT_STANDARD_LIBRARIES = YES;
				BUNDLE_LOADER = "$(TEST_HOST)";
				CODE_SIGN_STYLE = Automatic;
				DEVELOPMENT_TEAM = 4LZ4RWF527;
				INFOPLIST_FILE = RoundnetScoreTests/Info.plist;
				IPHONEOS_DEPLOYMENT_TARGET = 13.2;
				LD_RUNPATH_SEARCH_PATHS = (
					"$(inherited)",
					"@executable_path/Frameworks",
					"@loader_path/Frameworks",
				);
				PRODUCT_BUNDLE_IDENTIFIER = jakub1984.RoundnetScoreTests;
				PRODUCT_NAME = "$(TARGET_NAME)";
				SWIFT_VERSION = 5.0;
				TARGETED_DEVICE_FAMILY = "1,2";
				TEST_HOST = "$(BUILT_PRODUCTS_DIR)/RoundnetScore.app/RoundnetScore";
			};
			name = Debug;
		};
		F8F1A4D723B5341500E28F91 /* Release */ = {
			isa = XCBuildConfiguration;
			buildSettings = {
				ALWAYS_EMBED_SWIFT_STANDARD_LIBRARIES = YES;
				BUNDLE_LOADER = "$(TEST_HOST)";
				CODE_SIGN_STYLE = Automatic;
				DEVELOPMENT_TEAM = 4LZ4RWF527;
				INFOPLIST_FILE = RoundnetScoreTests/Info.plist;
				IPHONEOS_DEPLOYMENT_TARGET = 13.2;
				LD_RUNPATH_SEARCH_PATHS = (
					"$(inherited)",
					"@executable_path/Frameworks",
					"@loader_path/Frameworks",
				);
				PRODUCT_BUNDLE_IDENTIFIER = jakub1984.RoundnetScoreTests;
				PRODUCT_NAME = "$(TARGET_NAME)";
				SWIFT_VERSION = 5.0;
				TARGETED_DEVICE_FAMILY = "1,2";
				TEST_HOST = "$(BUILT_PRODUCTS_DIR)/RoundnetScore.app/RoundnetScore";
			};
			name = Release;
		};
/* End XCBuildConfiguration section */

/* Begin XCConfigurationList section */
		F8F1A4AB23B5341200E28F91 /* Build configuration list for PBXProject "RoundnetScore" */ = {
			isa = XCConfigurationList;
			buildConfigurations = (
				F8F1A4D023B5341500E28F91 /* Debug */,
				F8F1A4D123B5341500E28F91 /* Release */,
			);
			defaultConfigurationIsVisible = 0;
			defaultConfigurationName = Release;
		};
		F8F1A4D223B5341500E28F91 /* Build configuration list for PBXNativeTarget "RoundnetScore" */ = {
			isa = XCConfigurationList;
			buildConfigurations = (
				F8F1A4D323B5341500E28F91 /* Debug */,
				F8F1A4D423B5341500E28F91 /* Release */,
			);
			defaultConfigurationIsVisible = 0;
			defaultConfigurationName = Release;
		};
		F8F1A4D523B5341500E28F91 /* Build configuration list for PBXNativeTarget "RoundnetScoreTests" */ = {
			isa = XCConfigurationList;
			buildConfigurations = (
				F8F1A4D623B5341500E28F91 /* Debug */,
				F8F1A4D723B5341500E28F91 /* Release */,
			);
			defaultConfigurationIsVisible = 0;
			defaultConfigurationName = Release;
		};
/* End XCConfigurationList section */

/* Begin XCVersionGroup section */
		F8F1A4BC23B5341200E28F91 /* RoundnetScore.xcdatamodeld */ = {
			isa = XCVersionGroup;
			children = (
				F8F1A4BD23B5341200E28F91 /* RoundnetScore.xcdatamodel */,
			);
			currentVersion = F8F1A4BD23B5341200E28F91 /* RoundnetScore.xcdatamodel */;
			path = RoundnetScore.xcdatamodeld;
			sourceTree = "<group>";
			versionGroupType = wrapper.xcdatamodel;
		};
/* End XCVersionGroup section */
	};
	rootObject = F8F1A4A823B5341200E28F91 /* Project object */;
}
